
Microsoft Visual Studio Solution File, Format Version 12.00
# Visual Studio Version 16
VisualStudioVersion = 16.0.30621.155
MinimumVisualStudioVersion = 10.0.40219.1
Project("{9A19103F-16F7-4668-BE54-9A1E7A4F7556}") = "ENSEK.DataAccess.Tests", "ENSEK.DataAccess.Tests\ENSEK.DataAccess.Tests.csproj", "{AF52F112-3D7F-4510-917E-98F97099530E}"
EndProject
Project("{2150E333-8FDC-42A3-9474-1A3956D46DE8}") = "tests", "tests", "{9E23FCE5-A86D-46B0-B0DE-8F88FC05CB5C}"
EndProject
Project("{9A19103F-16F7-4668-BE54-9A1E7A4F7556}") = "ENSEK.Common.Tests", "ENSEK.Common.Tests\ENSEK.Common.Tests.csproj", "{3562F0D0-FB98-4963-802C-5B2F43AAFB24}"
EndProject
Project("{9A19103F-16F7-4668-BE54-9A1E7A4F7556}") = "ENSEK.Services.Tests", "ENSEK.Services.Tests\ENSEK.Services.Tests.csproj", "{14337A7E-1078-4566-80DF-97987ECE2F2B}"
EndProject
Project("{9A19103F-16F7-4668-BE54-9A1E7A4F7556}") = "ENSEKAPI.Tests", "ENSEKAPI.Tests\ENSEKAPI.Tests.csproj", "{1E6E7439-0461-4384-B831-90B3C241D3E9}"
EndProject
Project("{2150E333-8FDC-42A3-9474-1A3956D46DE8}") = "src", "src", "{8777CA3E-5CBD-4AFC-9793-B8C69C849239}"
EndProject
Project("{FAE04EC0-301F-11D3-BF4B-00C04F79EFBC}") = "ENSEK.Common", "ENSEK.Common\ENSEK.Common.csproj", "{988A5113-B13A-46B2-8961-64841CDAE4D7}"
EndProject
Project("{FAE04EC0-301F-11D3-BF4B-00C04F79EFBC}") = "ENSEK.Services", "ENSEK.Services\ENSEK.Services.csproj", "{C1CFE2EF-21AA-47F9-847A-15C5FE34C952}"
EndProject
Project("{FAE04EC0-301F-11D3-BF4B-00C04F79EFBC}") = "ENSEK.DataAccess", "ENSEK.DataAccess\ENSEK.DataAccess.csproj", "{23B4FE6A-3654-4D23-8FC6-95C0F9AF45DE}"
EndProject
Project("{FAE04EC0-301F-11D3-BF4B-00C04F79EFBC}") = "ENSEKApi", "ENSEKAPI\ENSEKApi.csproj", "{F6296769-2941-42CA-A971-7C76025BA3E8}"
EndProject
Global
	GlobalSection(SolutionConfigurationPlatforms) = preSolution
		Debug|Any CPU = Debug|Any CPU
		Release|Any CPU = Release|Any CPU
	EndGlobalSection
	GlobalSection(ProjectConfigurationPlatforms) = postSolution
		{AF52F112-3D7F-4510-917E-98F97099530E}.Debug|Any CPU.ActiveCfg = Debug|Any CPU
		{AF52F112-3D7F-4510-917E-98F97099530E}.Debug|Any CPU.Build.0 = Debug|Any CPU
		{AF52F112-3D7F-4510-917E-98F97099530E}.Release|Any CPU.ActiveCfg = Release|Any CPU
		{AF52F112-3D7F-4510-917E-98F97099530E}.Release|Any CPU.Build.0 = Release|Any CPU
		{3562F0D0-FB98-4963-802C-5B2F43AAFB24}.Debug|Any CPU.ActiveCfg = Debug|Any CPU
		{3562F0D0-FB98-4963-802C-5B2F43AAFB24}.Debug|Any CPU.Build.0 = Debug|Any CPU
		{3562F0D0-FB98-4963-802C-5B2F43AAFB24}.Release|Any CPU.ActiveCfg = Release|Any CPU
		{3562F0D0-FB98-4963-802C-5B2F43AAFB24}.Release|Any CPU.Build.0 = Release|Any CPU
		{14337A7E-1078-4566-80DF-97987ECE2F2B}.Debug|Any CPU.ActiveCfg = Debug|Any CPU
		{14337A7E-1078-4566-80DF-97987ECE2F2B}.Debug|Any CPU.Build.0 = Debug|Any CPU
		{14337A7E-1078-4566-80DF-97987ECE2F2B}.Release|Any CPU.ActiveCfg = Release|Any CPU
		{14337A7E-1078-4566-80DF-97987ECE2F2B}.Release|Any CPU.Build.0 = Release|Any CPU
		{1E6E7439-0461-4384-B831-90B3C241D3E9}.Debug|Any CPU.ActiveCfg = Debug|Any CPU
		{1E6E7439-0461-4384-B831-90B3C241D3E9}.Debug|Any CPU.Build.0 = Debug|Any CPU
		{1E6E7439-0461-4384-B831-90B3C241D3E9}.Release|Any CPU.ActiveCfg = Release|Any CPU
		{1E6E7439-0461-4384-B831-90B3C241D3E9}.Release|Any CPU.Build.0 = Release|Any CPU
		{988A5113-B13A-46B2-8961-64841CDAE4D7}.Debug|Any CPU.ActiveCfg = Debug|Any CPU
		{988A5113-B13A-46B2-8961-64841CDAE4D7}.Debug|Any CPU.Build.0 = Debug|Any CPU
		{988A5113-B13A-46B2-8961-64841CDAE4D7}.Release|Any CPU.ActiveCfg = Release|Any CPU
		{988A5113-B13A-46B2-8961-64841CDAE4D7}.Release|Any CPU.Build.0 = Release|Any CPU
		{C1CFE2EF-21AA-47F9-847A-15C5FE34C952}.Debug|Any CPU.ActiveCfg = Debug|Any CPU
		{C1CFE2EF-21AA-47F9-847A-15C5FE34C952}.Debug|Any CPU.Build.0 = Debug|Any CPU
		{C1CFE2EF-21AA-47F9-847A-15C5FE34C952}.Release|Any CPU.ActiveCfg = Release|Any CPU
		{C1CFE2EF-21AA-47F9-847A-15C5FE34C952}.Release|Any CPU.Build.0 = Release|Any CPU
		{23B4FE6A-3654-4D23-8FC6-95C0F9AF45DE}.Debug|Any CPU.ActiveCfg = Debug|Any CPU
		{23B4FE6A-3654-4D23-8FC6-95C0F9AF45DE}.Debug|Any CPU.Build.0 = Debug|Any CPU
		{23B4FE6A-3654-4D23-8FC6-95C0F9AF45DE}.Release|Any CPU.ActiveCfg = Release|Any CPU
		{23B4FE6A-3654-4D23-8FC6-95C0F9AF45DE}.Release|Any CPU.Build.0 = Release|Any CPU
		{F6296769-2941-42CA-A971-7C76025BA3E8}.Debug|Any CPU.ActiveCfg = Debug|Any CPU
		{F6296769-2941-42CA-A971-7C76025BA3E8}.Debug|Any CPU.Build.0 = Debug|Any CPU
		{F6296769-2941-42CA-A971-7C76025BA3E8}.Release|Any CPU.ActiveCfg = Release|Any CPU
		{F6296769-2941-42CA-A971-7C76025BA3E8}.Release|Any CPU.Build.0 = Release|Any CPU
	EndGlobalSection
	GlobalSection(SolutionProperties) = preSolution
		HideSolutionNode = FALSE
	EndGlobalSection
	GlobalSection(NestedProjects) = preSolution
		{AF52F112-3D7F-4510-917E-98F97099530E} = {9E23FCE5-A86D-46B0-B0DE-8F88FC05CB5C}
		{3562F0D0-FB98-4963-802C-5B2F43AAFB24} = {9E23FCE5-A86D-46B0-B0DE-8F88FC05CB5C}
		{14337A7E-1078-4566-80DF-97987ECE2F2B} = {9E23FCE5-A86D-46B0-B0DE-8F88FC05CB5C}
		{1E6E7439-0461-4384-B831-90B3C241D3E9} = {9E23FCE5-A86D-46B0-B0DE-8F88FC05CB5C}
		{988A5113-B13A-46B2-8961-64841CDAE4D7} = {8777CA3E-5CBD-4AFC-9793-B8C69C849239}
		{C1CFE2EF-21AA-47F9-847A-15C5FE34C952} = {8777CA3E-5CBD-4AFC-9793-B8C69C849239}
		{23B4FE6A-3654-4D23-8FC6-95C0F9AF45DE} = {8777CA3E-5CBD-4AFC-9793-B8C69C849239}
		{F6296769-2941-42CA-A971-7C76025BA3E8} = {8777CA3E-5CBD-4AFC-9793-B8C69C849239}
	EndGlobalSection
	GlobalSection(ExtensibilityGlobals) = postSolution
		SolutionGuid = {25946F27-5730-40DB-BD22-29AEEBEC6020}
	EndGlobalSection
EndGlobal
